
Microsoft Visual Studio Solution File, Format Version 12.00
Project("{FAE04EC0-301F-11D3-BF4B-00C04F79EFBC}") = "system_obslugi_serwisu", "system_obslugi_serwisu\system_obslugi_serwisu.csproj", "{BBF2B95C-58DD-42D9-AC37-57D32014B02A}"
EndProject
Project("{2150E333-8FDC-42A3-9474-1A3956D46DE8}") = "Solution Items", "Solution Items", "{F351B5E0-C035-4242-9B63-7312F0A45876}"
	ProjectSection(SolutionItems) = preProject
		compose.yaml = compose.yaml
		RabbitMqConfig.json = RabbitMqConfig.json
		minioConfig.sh = minioConfig.sh
		minioRun.sh = minioRun.sh
		nginx.conf = nginx.conf
	EndProjectSection
EndProject
Global
	GlobalSection(SolutionConfigurationPlatforms) = preSolution
		Debug|Any CPU = Debug|Any CPU
		Release|Any CPU = Release|Any CPU
	EndGlobalSection
	GlobalSection(ProjectConfigurationPlatforms) = postSolution
		{BBF2B95C-58DD-42D9-AC37-57D32014B02A}.Debug|Any CPU.ActiveCfg = Debug|Any CPU
		{BBF2B95C-58DD-42D9-AC37-57D32014B02A}.Debug|Any CPU.Build.0 = Debug|Any CPU
		{BBF2B95C-58DD-42D9-AC37-57D32014B02A}.Release|Any CPU.ActiveCfg = Release|Any CPU
		{BBF2B95C-58DD-42D9-AC37-57D32014B02A}.Release|Any CPU.Build.0 = Release|Any CPU
	EndGlobalSection
EndGlobal
